// !$*UTF8*$!
{
	archiveVersion = 1;
	classes = {
	};
	objectVersion = 50;
	objects = {

/* Begin PBXBuildFile section */
		31FEC5282663997B0051F204 /* AppDelegate.swift in Sources */ = {isa = PBXBuildFile; fileRef = 31FEC5272663997B0051F204 /* AppDelegate.swift */; };
		31FEC52C2663997B0051F204 /* ViewController.swift in Sources */ = {isa = PBXBuildFile; fileRef = 31FEC52B2663997B0051F204 /* ViewController.swift */; };
		31FEC52F2663997B0051F204 /* Main.storyboard in Resources */ = {isa = PBXBuildFile; fileRef = 31FEC52D2663997B0051F204 /* Main.storyboard */; };
		31FEC5322663997B0051F204 /* FlickrPhotos.xcdatamodeld in Sources */ = {isa = PBXBuildFile; fileRef = 31FEC5302663997B0051F204 /* FlickrPhotos.xcdatamodeld */; };
		31FEC534266399800051F204 /* Assets.xcassets in Resources */ = {isa = PBXBuildFile; fileRef = 31FEC533266399800051F204 /* Assets.xcassets */; };
		31FEC537266399800051F204 /* LaunchScreen.storyboard in Resources */ = {isa = PBXBuildFile; fileRef = 31FEC535266399800051F204 /* LaunchScreen.storyboard */; };
		31FEC542266399800051F204 /* FlickrPhotosTests.swift in Sources */ = {isa = PBXBuildFile; fileRef = 31FEC541266399800051F204 /* FlickrPhotosTests.swift */; };
		31FEC54D266399800051F204 /* FlickrPhotosUITests.swift in Sources */ = {isa = PBXBuildFile; fileRef = 31FEC54C266399800051F204 /* FlickrPhotosUITests.swift */; };
		3A14DFBA14CC932DBA058301 /* Pods_FlickrPhotos_FlickrPhotosUITests.framework in Frameworks */ = {isa = PBXBuildFile; fileRef = 519F83DBA2AEBB5F36410DF9 /* Pods_FlickrPhotos_FlickrPhotosUITests.framework */; };
		DC7E1F2188C85028A2D78808 /* Pods_FlickrPhotos.framework in Frameworks */ = {isa = PBXBuildFile; fileRef = B3E0670E5BC22CC638771A9B /* Pods_FlickrPhotos.framework */; };
		E3D63895D3BE7BE2E831FB3A /* Pods_FlickrPhotosTests.framework in Frameworks */ = {isa = PBXBuildFile; fileRef = BF072EB17F7A0EDAC67F165C /* Pods_FlickrPhotosTests.framework */; };
/* End PBXBuildFile section */

/* Begin PBXContainerItemProxy section */
		31FEC53E266399800051F204 /* PBXContainerItemProxy */ = {
			isa = PBXContainerItemProxy;
			containerPortal = 31FEC51C2663997B0051F204 /* Project object */;
			proxyType = 1;
			remoteGlobalIDString = 31FEC5232663997B0051F204;
			remoteInfo = FlickrPhotos;
		};
		31FEC549266399800051F204 /* PBXContainerItemProxy */ = {
			isa = PBXContainerItemProxy;
			containerPortal = 31FEC51C2663997B0051F204 /* Project object */;
			proxyType = 1;
			remoteGlobalIDString = 31FEC5232663997B0051F204;
			remoteInfo = FlickrPhotos;
		};
/* End PBXContainerItemProxy section */

/* Begin PBXFileReference section */
		06CC7F7B674CCB8B56AF66E0 /* Pods-FlickrPhotos.debug.xcconfig */ = {isa = PBXFileReference; includeInIndex = 1; lastKnownFileType = text.xcconfig; name = "Pods-FlickrPhotos.debug.xcconfig"; path = "Target Support Files/Pods-FlickrPhotos/Pods-FlickrPhotos.debug.xcconfig"; sourceTree = "<group>"; };
		30062EA50E89F9352B5C4F8A /* Pods-FlickrPhotos-FlickrPhotosUITests.debug.xcconfig */ = {isa = PBXFileReference; includeInIndex = 1; lastKnownFileType = text.xcconfig; name = "Pods-FlickrPhotos-FlickrPhotosUITests.debug.xcconfig"; path = "Target Support Files/Pods-FlickrPhotos-FlickrPhotosUITests/Pods-FlickrPhotos-FlickrPhotosUITests.debug.xcconfig"; sourceTree = "<group>"; };
		31FEC5242663997B0051F204 /* FlickrPhotos.app */ = {isa = PBXFileReference; explicitFileType = wrapper.application; includeInIndex = 0; path = FlickrPhotos.app; sourceTree = BUILT_PRODUCTS_DIR; };
		31FEC5272663997B0051F204 /* AppDelegate.swift */ = {isa = PBXFileReference; lastKnownFileType = sourcecode.swift; path = AppDelegate.swift; sourceTree = "<group>"; };
		31FEC52B2663997B0051F204 /* ViewController.swift */ = {isa = PBXFileReference; lastKnownFileType = sourcecode.swift; path = ViewController.swift; sourceTree = "<group>"; };
		31FEC52E2663997B0051F204 /* Base */ = {isa = PBXFileReference; lastKnownFileType = file.storyboard; name = Base; path = Base.lproj/Main.storyboard; sourceTree = "<group>"; };
		31FEC5312663997B0051F204 /* FlickrPhotos.xcdatamodel */ = {isa = PBXFileReference; lastKnownFileType = wrapper.xcdatamodel; path = FlickrPhotos.xcdatamodel; sourceTree = "<group>"; };
		31FEC533266399800051F204 /* Assets.xcassets */ = {isa = PBXFileReference; lastKnownFileType = folder.assetcatalog; path = Assets.xcassets; sourceTree = "<group>"; };
		31FEC536266399800051F204 /* Base */ = {isa = PBXFileReference; lastKnownFileType = file.storyboard; name = Base; path = Base.lproj/LaunchScreen.storyboard; sourceTree = "<group>"; };
		31FEC538266399800051F204 /* Info.plist */ = {isa = PBXFileReference; lastKnownFileType = text.plist.xml; path = Info.plist; sourceTree = "<group>"; };
		31FEC53D266399800051F204 /* FlickrPhotosTests.xctest */ = {isa = PBXFileReference; explicitFileType = wrapper.cfbundle; includeInIndex = 0; path = FlickrPhotosTests.xctest; sourceTree = BUILT_PRODUCTS_DIR; };
		31FEC541266399800051F204 /* FlickrPhotosTests.swift */ = {isa = PBXFileReference; lastKnownFileType = sourcecode.swift; path = FlickrPhotosTests.swift; sourceTree = "<group>"; };
		31FEC543266399800051F204 /* Info.plist */ = {isa = PBXFileReference; lastKnownFileType = text.plist.xml; path = Info.plist; sourceTree = "<group>"; };
		31FEC548266399800051F204 /* FlickrPhotosUITests.xctest */ = {isa = PBXFileReference; explicitFileType = wrapper.cfbundle; includeInIndex = 0; path = FlickrPhotosUITests.xctest; sourceTree = BUILT_PRODUCTS_DIR; };
		31FEC54C266399800051F204 /* FlickrPhotosUITests.swift */ = {isa = PBXFileReference; lastKnownFileType = sourcecode.swift; path = FlickrPhotosUITests.swift; sourceTree = "<group>"; };
		31FEC54E266399800051F204 /* Info.plist */ = {isa = PBXFileReference; lastKnownFileType = text.plist.xml; path = Info.plist; sourceTree = "<group>"; };
		3D778D525CAF48E18BBED9EC /* Pods-FlickrPhotosTests.debug.xcconfig */ = {isa = PBXFileReference; includeInIndex = 1; lastKnownFileType = text.xcconfig; name = "Pods-FlickrPhotosTests.debug.xcconfig"; path = "Target Support Files/Pods-FlickrPhotosTests/Pods-FlickrPhotosTests.debug.xcconfig"; sourceTree = "<group>"; };
		519F83DBA2AEBB5F36410DF9 /* Pods_FlickrPhotos_FlickrPhotosUITests.framework */ = {isa = PBXFileReference; explicitFileType = wrapper.framework; includeInIndex = 0; path = Pods_FlickrPhotos_FlickrPhotosUITests.framework; sourceTree = BUILT_PRODUCTS_DIR; };
		957C031CA76296D9D0D14756 /* Pods-FlickrPhotos-FlickrPhotosUITests.release.xcconfig */ = {isa = PBXFileReference; includeInIndex = 1; lastKnownFileType = text.xcconfig; name = "Pods-FlickrPhotos-FlickrPhotosUITests.release.xcconfig"; path = "Target Support Files/Pods-FlickrPhotos-FlickrPhotosUITests/Pods-FlickrPhotos-FlickrPhotosUITests.release.xcconfig"; sourceTree = "<group>"; };
		B3E0670E5BC22CC638771A9B /* Pods_FlickrPhotos.framework */ = {isa = PBXFileReference; explicitFileType = wrapper.framework; includeInIndex = 0; path = Pods_FlickrPhotos.framework; sourceTree = BUILT_PRODUCTS_DIR; };
		BA92489D88FF9CCEFEA5F81D /* Pods-FlickrPhotos.release.xcconfig */ = {isa = PBXFileReference; includeInIndex = 1; lastKnownFileType = text.xcconfig; name = "Pods-FlickrPhotos.release.xcconfig"; path = "Target Support Files/Pods-FlickrPhotos/Pods-FlickrPhotos.release.xcconfig"; sourceTree = "<group>"; };
		BAAA9B1AFE8A2EF18AB7C053 /* Pods-FlickrPhotosTests.release.xcconfig */ = {isa = PBXFileReference; includeInIndex = 1; lastKnownFileType = text.xcconfig; name = "Pods-FlickrPhotosTests.release.xcconfig"; path = "Target Support Files/Pods-FlickrPhotosTests/Pods-FlickrPhotosTests.release.xcconfig"; sourceTree = "<group>"; };
		BF072EB17F7A0EDAC67F165C /* Pods_FlickrPhotosTests.framework */ = {isa = PBXFileReference; explicitFileType = wrapper.framework; includeInIndex = 0; path = Pods_FlickrPhotosTests.framework; sourceTree = BUILT_PRODUCTS_DIR; };
/* End PBXFileReference section */

/* Begin PBXFrameworksBuildPhase section */
		31FEC5212663997B0051F204 /* Frameworks */ = {
			isa = PBXFrameworksBuildPhase;
			buildActionMask = 2147483647;
			files = (
				DC7E1F2188C85028A2D78808 /* Pods_FlickrPhotos.framework in Frameworks */,
			);
			runOnlyForDeploymentPostprocessing = 0;
		};
		31FEC53A266399800051F204 /* Frameworks */ = {
			isa = PBXFrameworksBuildPhase;
			buildActionMask = 2147483647;
			files = (
				E3D63895D3BE7BE2E831FB3A /* Pods_FlickrPhotosTests.framework in Frameworks */,
			);
			runOnlyForDeploymentPostprocessing = 0;
		};
		31FEC545266399800051F204 /* Frameworks */ = {
			isa = PBXFrameworksBuildPhase;
			buildActionMask = 2147483647;
			files = (
				3A14DFBA14CC932DBA058301 /* Pods_FlickrPhotos_FlickrPhotosUITests.framework in Frameworks */,
			);
			runOnlyForDeploymentPostprocessing = 0;
		};
/* End PBXFrameworksBuildPhase section */

/* Begin PBXGroup section */
		1AC4C04DD799D5ECABB9CF1A /* Pods */ = {
			isa = PBXGroup;
			children = (
				06CC7F7B674CCB8B56AF66E0 /* Pods-FlickrPhotos.debug.xcconfig */,
				BA92489D88FF9CCEFEA5F81D /* Pods-FlickrPhotos.release.xcconfig */,
				30062EA50E89F9352B5C4F8A /* Pods-FlickrPhotos-FlickrPhotosUITests.debug.xcconfig */,
				957C031CA76296D9D0D14756 /* Pods-FlickrPhotos-FlickrPhotosUITests.release.xcconfig */,
				3D778D525CAF48E18BBED9EC /* Pods-FlickrPhotosTests.debug.xcconfig */,
				BAAA9B1AFE8A2EF18AB7C053 /* Pods-FlickrPhotosTests.release.xcconfig */,
			);
			name = Pods;
			path = Pods;
			sourceTree = "<group>";
		};
		2EA6F419EF7E03932B3B7370 /* Frameworks */ = {
			isa = PBXGroup;
			children = (
				B3E0670E5BC22CC638771A9B /* Pods_FlickrPhotos.framework */,
				519F83DBA2AEBB5F36410DF9 /* Pods_FlickrPhotos_FlickrPhotosUITests.framework */,
				BF072EB17F7A0EDAC67F165C /* Pods_FlickrPhotosTests.framework */,
			);
			name = Frameworks;
			sourceTree = "<group>";
		};
		31FEC51B2663997B0051F204 = {
			isa = PBXGroup;
			children = (
				31FEC5262663997B0051F204 /* FlickrPhotos */,
				31FEC540266399800051F204 /* FlickrPhotosTests */,
				31FEC54B266399800051F204 /* FlickrPhotosUITests */,
				31FEC5252663997B0051F204 /* Products */,
				1AC4C04DD799D5ECABB9CF1A /* Pods */,
				2EA6F419EF7E03932B3B7370 /* Frameworks */,
			);
			sourceTree = "<group>";
		};
		31FEC5252663997B0051F204 /* Products */ = {
			isa = PBXGroup;
			children = (
				31FEC5242663997B0051F204 /* FlickrPhotos.app */,
				31FEC53D266399800051F204 /* FlickrPhotosTests.xctest */,
				31FEC548266399800051F204 /* FlickrPhotosUITests.xctest */,
			);
			name = Products;
			sourceTree = "<group>";
		};
		31FEC5262663997B0051F204 /* FlickrPhotos */ = {
			isa = PBXGroup;
			children = (
				31FEC5272663997B0051F204 /* AppDelegate.swift */,
				31FEC52B2663997B0051F204 /* ViewController.swift */,
				31FEC52D2663997B0051F204 /* Main.storyboard */,
				31FEC533266399800051F204 /* Assets.xcassets */,
				31FEC535266399800051F204 /* LaunchScreen.storyboard */,
				31FEC538266399800051F204 /* Info.plist */,
				31FEC5302663997B0051F204 /* FlickrPhotos.xcdatamodeld */,
			);
			path = FlickrPhotos;
			sourceTree = "<group>";
		};
		31FEC540266399800051F204 /* FlickrPhotosTests */ = {
			isa = PBXGroup;
			children = (
				31FEC541266399800051F204 /* FlickrPhotosTests.swift */,
				31FEC543266399800051F204 /* Info.plist */,
			);
			path = FlickrPhotosTests;
			sourceTree = "<group>";
		};
		31FEC54B266399800051F204 /* FlickrPhotosUITests */ = {
			isa = PBXGroup;
			children = (
				31FEC54C266399800051F204 /* FlickrPhotosUITests.swift */,
				31FEC54E266399800051F204 /* Info.plist */,
			);
			path = FlickrPhotosUITests;
			sourceTree = "<group>";
		};
/* End PBXGroup section */

/* Begin PBXNativeTarget section */
		31FEC5232663997B0051F204 /* FlickrPhotos */ = {
			isa = PBXNativeTarget;
			buildConfigurationList = 31FEC551266399800051F204 /* Build configuration list for PBXNativeTarget "FlickrPhotos" */;
			buildPhases = (
				C34FF6B9162AE81F2E87AB32 /* [CP] Check Pods Manifest.lock */,
				31FEC5202663997B0051F204 /* Sources */,
				31FEC5212663997B0051F204 /* Frameworks */,
				31FEC5222663997B0051F204 /* Resources */,
				BB9F36A647EE79B065923416 /* [CP] Embed Pods Frameworks */,
			);
			buildRules = (
			);
			dependencies = (
			);
			name = FlickrPhotos;
			productName = FlickrPhotos;
			productReference = 31FEC5242663997B0051F204 /* FlickrPhotos.app */;
			productType = "com.apple.product-type.application";
		};
		31FEC53C266399800051F204 /* FlickrPhotosTests */ = {
			isa = PBXNativeTarget;
			buildConfigurationList = 31FEC554266399800051F204 /* Build configuration list for PBXNativeTarget "FlickrPhotosTests" */;
			buildPhases = (
				090C538D892CCB3ADF8140BD /* [CP] Check Pods Manifest.lock */,
				31FEC539266399800051F204 /* Sources */,
				31FEC53A266399800051F204 /* Frameworks */,
				31FEC53B266399800051F204 /* Resources */,
			);
			buildRules = (
			);
			dependencies = (
				31FEC53F266399800051F204 /* PBXTargetDependency */,
			);
			name = FlickrPhotosTests;
			productName = FlickrPhotosTests;
			productReference = 31FEC53D266399800051F204 /* FlickrPhotosTests.xctest */;
			productType = "com.apple.product-type.bundle.unit-test";
		};
		31FEC547266399800051F204 /* FlickrPhotosUITests */ = {
			isa = PBXNativeTarget;
			buildConfigurationList = 31FEC557266399800051F204 /* Build configuration list for PBXNativeTarget "FlickrPhotosUITests" */;
			buildPhases = (
				28774608B31047B41F4A5C33 /* [CP] Check Pods Manifest.lock */,
				31FEC544266399800051F204 /* Sources */,
				31FEC545266399800051F204 /* Frameworks */,
				31FEC546266399800051F204 /* Resources */,
				6EEABEB6F61BEF3C6CBD59B1 /* [CP] Embed Pods Frameworks */,
			);
			buildRules = (
			);
			dependencies = (
				31FEC54A266399800051F204 /* PBXTargetDependency */,
			);
			name = FlickrPhotosUITests;
			productName = FlickrPhotosUITests;
			productReference = 31FEC548266399800051F204 /* FlickrPhotosUITests.xctest */;
			productType = "com.apple.product-type.bundle.ui-testing";
		};
/* End PBXNativeTarget section */

/* Begin PBXProject section */
		31FEC51C2663997B0051F204 /* Project object */ = {
			isa = PBXProject;
			attributes = {
				LastSwiftUpdateCheck = 1240;
				LastUpgradeCheck = 1240;
				TargetAttributes = {
					31FEC5232663997B0051F204 = {
						CreatedOnToolsVersion = 12.4;
					};
					31FEC53C266399800051F204 = {
						CreatedOnToolsVersion = 12.4;
						TestTargetID = 31FEC5232663997B0051F204;
					};
					31FEC547266399800051F204 = {
						CreatedOnToolsVersion = 12.4;
						TestTargetID = 31FEC5232663997B0051F204;
					};
				};
			};
			buildConfigurationList = 31FEC51F2663997B0051F204 /* Build configuration list for PBXProject "FlickrPhotos" */;
			compatibilityVersion = "Xcode 9.3";
			developmentRegion = en;
			hasScannedForEncodings = 0;
			knownRegions = (
				en,
				Base,
			);
			mainGroup = 31FEC51B2663997B0051F204;
			productRefGroup = 31FEC5252663997B0051F204 /* Products */;
			projectDirPath = "";
			projectRoot = "";
			targets = (
				31FEC5232663997B0051F204 /* FlickrPhotos */,
				31FEC53C266399800051F204 /* FlickrPhotosTests */,
				31FEC547266399800051F204 /* FlickrPhotosUITests */,
			);
		};
/* End PBXProject section */

/* Begin PBXResourcesBuildPhase section */
		31FEC5222663997B0051F204 /* Resources */ = {
			isa = PBXResourcesBuildPhase;
			buildActionMask = 2147483647;
			files = (
				31FEC537266399800051F204 /* LaunchScreen.storyboard in Resources */,
				31FEC534266399800051F204 /* Assets.xcassets in Resources */,
				31FEC52F2663997B0051F204 /* Main.storyboard in Resources */,
			);
			runOnlyForDeploymentPostprocessing = 0;
		};
		31FEC53B266399800051F204 /* Resources */ = {
			isa = PBXResourcesBuildPhase;
			buildActionMask = 2147483647;
			files = (
			);
			runOnlyForDeploymentPostprocessing = 0;
		};
		31FEC546266399800051F204 /* Resources */ = {
			isa = PBXResourcesBuildPhase;
			buildActionMask = 2147483647;
			files = (
			);
			runOnlyForDeploymentPostprocessing = 0;
		};
/* End PBXResourcesBuildPhase section */

/* Begin PBXShellScriptBuildPhase section */
		090C538D892CCB3ADF8140BD /* [CP] Check Pods Manifest.lock */ = {
			isa = PBXShellScriptBuildPhase;
			buildActionMask = 2147483647;
			files = (
			);
			inputFileListPaths = (
			);
			inputPaths = (
				"${PODS_PODFILE_DIR_PATH}/Podfile.lock",
				"${PODS_ROOT}/Manifest.lock",
			);
			name = "[CP] Check Pods Manifest.lock";
			outputFileListPaths = (
			);
			outputPaths = (
				"$(DERIVED_FILE_DIR)/Pods-FlickrPhotosTests-checkManifestLockResult.txt",
			);
			runOnlyForDeploymentPostprocessing = 0;
			shellPath = /bin/sh;
			shellScript = "diff \"${PODS_PODFILE_DIR_PATH}/Podfile.lock\" \"${PODS_ROOT}/Manifest.lock\" > /dev/null\nif [ $? != 0 ] ; then\n    # print error to STDERR\n    echo \"error: The sandbox is not in sync with the Podfile.lock. Run 'pod install' or update your CocoaPods installation.\" >&2\n    exit 1\nfi\n# This output is used by Xcode 'outputs' to avoid re-running this script phase.\necho \"SUCCESS\" > \"${SCRIPT_OUTPUT_FILE_0}\"\n";
			showEnvVarsInLog = 0;
		};
		28774608B31047B41F4A5C33 /* [CP] Check Pods Manifest.lock */ = {
			isa = PBXShellScriptBuildPhase;
			buildActionMask = 2147483647;
			files = (
			);
			inputFileListPaths = (
			);
			inputPaths = (
				"${PODS_PODFILE_DIR_PATH}/Podfile.lock",
				"${PODS_ROOT}/Manifest.lock",
			);
			name = "[CP] Check Pods Manifest.lock";
			outputFileListPaths = (
			);
			outputPaths = (
				"$(DERIVED_FILE_DIR)/Pods-FlickrPhotos-FlickrPhotosUITests-checkManifestLockResult.txt",
			);
			runOnlyForDeploymentPostprocessing = 0;
			shellPath = /bin/sh;
			shellScript = "diff \"${PODS_PODFILE_DIR_PATH}/Podfile.lock\" \"${PODS_ROOT}/Manifest.lock\" > /dev/null\nif [ $? != 0 ] ; then\n    # print error to STDERR\n    echo \"error: The sandbox is not in sync with the Podfile.lock. Run 'pod install' or update your CocoaPods installation.\" >&2\n    exit 1\nfi\n# This output is used by Xcode 'outputs' to avoid re-running this script phase.\necho \"SUCCESS\" > \"${SCRIPT_OUTPUT_FILE_0}\"\n";
			showEnvVarsInLog = 0;
		};
		6EEABEB6F61BEF3C6CBD59B1 /* [CP] Embed Pods Frameworks */ = {
			isa = PBXShellScriptBuildPhase;
			buildActionMask = 2147483647;
			files = (
			);
			inputFileListPaths = (
				"${PODS_ROOT}/Target Support Files/Pods-FlickrPhotos-FlickrPhotosUITests/Pods-FlickrPhotos-FlickrPhotosUITests-frameworks-${CONFIGURATION}-input-files.xcfilelist",
			);
			name = "[CP] Embed Pods Frameworks";
			outputFileListPaths = (
				"${PODS_ROOT}/Target Support Files/Pods-FlickrPhotos-FlickrPhotosUITests/Pods-FlickrPhotos-FlickrPhotosUITests-frameworks-${CONFIGURATION}-output-files.xcfilelist",
			);
			runOnlyForDeploymentPostprocessing = 0;
			shellPath = /bin/sh;
			shellScript = "\"${PODS_ROOT}/Target Support Files/Pods-FlickrPhotos-FlickrPhotosUITests/Pods-FlickrPhotos-FlickrPhotosUITests-frameworks.sh\"\n";
			showEnvVarsInLog = 0;
		};
		BB9F36A647EE79B065923416 /* [CP] Embed Pods Frameworks */ = {
			isa = PBXShellScriptBuildPhase;
			buildActionMask = 2147483647;
			files = (
			);
			inputFileListPaths = (
				"${PODS_ROOT}/Target Support Files/Pods-FlickrPhotos/Pods-FlickrPhotos-frameworks-${CONFIGURATION}-input-files.xcfilelist",
			);
			name = "[CP] Embed Pods Frameworks";
			outputFileListPaths = (
				"${PODS_ROOT}/Target Support Files/Pods-FlickrPhotos/Pods-FlickrPhotos-frameworks-${CONFIGURATION}-output-files.xcfilelist",
			);
			runOnlyForDeploymentPostprocessing = 0;
			shellPath = /bin/sh;
			shellScript = "\"${PODS_ROOT}/Target Support Files/Pods-FlickrPhotos/Pods-FlickrPhotos-frameworks.sh\"\n";
			showEnvVarsInLog = 0;
		};
		C34FF6B9162AE81F2E87AB32 /* [CP] Check Pods Manifest.lock */ = {
			isa = PBXShellScriptBuildPhase;
			buildActionMask = 2147483647;
			files = (
			);
			inputFileListPaths = (
			);
			inputPaths = (
				"${PODS_PODFILE_DIR_PATH}/Podfile.lock",
				"${PODS_ROOT}/Manifest.lock",
			);
			name = "[CP] Check Pods Manifest.lock";
			outputFileListPaths = (
			);
			outputPaths = (
				"$(DERIVED_FILE_DIR)/Pods-FlickrPhotos-checkManifestLockResult.txt",
			);
			runOnlyForDeploymentPostprocessing = 0;
			shellPath = /bin/sh;
			shellScript = "diff \"${PODS_PODFILE_DIR_PATH}/Podfile.lock\" \"${PODS_ROOT}/Manifest.lock\" > /dev/null\nif [ $? != 0 ] ; then\n    # print error to STDERR\n    echo \"error: The sandbox is not in sync with the Podfile.lock. Run 'pod install' or update your CocoaPods installation.\" >&2\n    exit 1\nfi\n# This output is used by Xcode 'outputs' to avoid re-running this script phase.\necho \"SUCCESS\" > \"${SCRIPT_OUTPUT_FILE_0}\"\n";
			showEnvVarsInLog = 0;
		};
/* End PBXShellScriptBuildPhase section */

/* Begin PBXSourcesBuildPhase section */
		31FEC5202663997B0051F204 /* Sources */ = {
			isa = PBXSourcesBuildPhase;
			buildActionMask = 2147483647;
			files = (
				31FEC52C2663997B0051F204 /* ViewController.swift in Sources */,
				31FEC5322663997B0051F204 /* FlickrPhotos.xcdatamodeld in Sources */,
				31FEC5282663997B0051F204 /* AppDelegate.swift in Sources */,
			);
			runOnlyForDeploymentPostprocessing = 0;
		};
		31FEC539266399800051F204 /* Sources */ = {
			isa = PBXSourcesBuildPhase;
			buildActionMask = 2147483647;
			files = (
				31FEC542266399800051F204 /* FlickrPhotosTests.swift in Sources */,
			);
			runOnlyForDeploymentPostprocessing = 0;
		};
		31FEC544266399800051F204 /* Sources */ = {
			isa = PBXSourcesBuildPhase;
			buildActionMask = 2147483647;
			files = (
				31FEC54D266399800051F204 /* FlickrPhotosUITests.swift in Sources */,
			);
			runOnlyForDeploymentPostprocessing = 0;
		};
/* End PBXSourcesBuildPhase section */

/* Begin PBXTargetDependency section */
		31FEC53F266399800051F204 /* PBXTargetDependency */ = {
			isa = PBXTargetDependency;
			target = 31FEC5232663997B0051F204 /* FlickrPhotos */;
			targetProxy = 31FEC53E266399800051F204 /* PBXContainerItemProxy */;
		};
		31FEC54A266399800051F204 /* PBXTargetDependency */ = {
			isa = PBXTargetDependency;
			target = 31FEC5232663997B0051F204 /* FlickrPhotos */;
			targetProxy = 31FEC549266399800051F204 /* PBXContainerItemProxy */;
		};
/* End PBXTargetDependency section */

/* Begin PBXVariantGroup section */
		31FEC52D2663997B0051F204 /* Main.storyboard */ = {
			isa = PBXVariantGroup;
			children = (
				31FEC52E2663997B0051F204 /* Base */,
			);
			name = Main.storyboard;
			sourceTree = "<group>";
		};
		31FEC535266399800051F204 /* LaunchScreen.storyboard */ = {
			isa = PBXVariantGroup;
			children = (
				31FEC536266399800051F204 /* Base */,
			);
			name = LaunchScreen.storyboard;
			sourceTree = "<group>";
		};
/* End PBXVariantGroup section */

/* Begin XCBuildConfiguration section */
		31FEC54F266399800051F204 /* Debug */ = {
			isa = XCBuildConfiguration;
			buildSettings = {
				ALWAYS_SEARCH_USER_PATHS = NO;
				CLANG_ANALYZER_NONNULL = YES;
				CLANG_ANALYZER_NUMBER_OBJECT_CONVERSION = YES_AGGRESSIVE;
				CLANG_CXX_LANGUAGE_STANDARD = "gnu++14";
				CLANG_CXX_LIBRARY = "libc++";
				CLANG_ENABLE_MODULES = YES;
				CLANG_ENABLE_OBJC_ARC = YES;
				CLANG_ENABLE_OBJC_WEAK = YES;
				CLANG_WARN_BLOCK_CAPTURE_AUTORELEASING = YES;
				CLANG_WARN_BOOL_CONVERSION = YES;
				CLANG_WARN_COMMA = YES;
				CLANG_WARN_CONSTANT_CONVERSION = YES;
				CLANG_WARN_DEPRECATED_OBJC_IMPLEMENTATIONS = YES;
				CLANG_WARN_DIRECT_OBJC_ISA_USAGE = YES_ERROR;
				CLANG_WARN_DOCUMENTATION_COMMENTS = YES;
				CLANG_WARN_EMPTY_BODY = YES;
				CLANG_WARN_ENUM_CONVERSION = YES;
				CLANG_WARN_INFINITE_RECURSION = YES;
				CLANG_WARN_INT_CONVERSION = YES;
				CLANG_WARN_NON_LITERAL_NULL_CONVERSION = YES;
				CLANG_WARN_OBJC_IMPLICIT_RETAIN_SELF = YES;
				CLANG_WARN_OBJC_LITERAL_CONVERSION = YES;
				CLANG_WARN_OBJC_ROOT_CLASS = YES_ERROR;
				CLANG_WARN_QUOTED_INCLUDE_IN_FRAMEWORK_HEADER = YES;
				CLANG_WARN_RANGE_LOOP_ANALYSIS = YES;
				CLANG_WARN_STRICT_PROTOTYPES = YES;
				CLANG_WARN_SUSPICIOUS_MOVE = YES;
				CLANG_WARN_UNGUARDED_AVAILABILITY = YES_AGGRESSIVE;
				CLANG_WARN_UNREACHABLE_CODE = YES;
				CLANG_WARN__DUPLICATE_METHOD_MATCH = YES;
				COPY_PHASE_STRIP = NO;
				DEBUG_INFORMATION_FORMAT = dwarf;
				ENABLE_STRICT_OBJC_MSGSEND = YES;
				ENABLE_TESTABILITY = YES;
				GCC_C_LANGUAGE_STANDARD = gnu11;
				GCC_DYNAMIC_NO_PIC = NO;
				GCC_NO_COMMON_BLOCKS = YES;
				GCC_OPTIMIZATION_LEVEL = 0;
				GCC_PREPROCESSOR_DEFINITIONS = (
					"DEBUG=1",
					"$(inherited)",
				);
				GCC_WARN_64_TO_32_BIT_CONVERSION = YES;
				GCC_WARN_ABOUT_RETURN_TYPE = YES_ERROR;
				GCC_WARN_UNDECLARED_SELECTOR = YES;
				GCC_WARN_UNINITIALIZED_AUTOS = YES_AGGRESSIVE;
				GCC_WARN_UNUSED_FUNCTION = YES;
				GCC_WARN_UNUSED_VARIABLE = YES;
				IPHONEOS_DEPLOYMENT_TARGET = 14.4;
				MTL_ENABLE_DEBUG_INFO = INCLUDE_SOURCE;
				MTL_FAST_MATH = YES;
				ONLY_ACTIVE_ARCH = YES;
				SDKROOT = iphoneos;
				SWIFT_ACTIVE_COMPILATION_CONDITIONS = DEBUG;
				SWIFT_OPTIMIZATION_LEVEL = "-Onone";
			};
			name = Debug;
		};
		31FEC550266399800051F204 /* Release */ = {
			isa = XCBuildConfiguration;
			buildSettings = {
				ALWAYS_SEARCH_USER_PATHS = NO;
				CLANG_ANALYZER_NONNULL = YES;
				CLANG_ANALYZER_NUMBER_OBJECT_CONVERSION = YES_AGGRESSIVE;
				CLANG_CXX_LANGUAGE_STANDARD = "gnu++14";
				CLANG_CXX_LIBRARY = "libc++";
				CLANG_ENABLE_MODULES = YES;
				CLANG_ENABLE_OBJC_ARC = YES;
				CLANG_ENABLE_OBJC_WEAK = YES;
				CLANG_WARN_BLOCK_CAPTURE_AUTORELEASING = YES;
				CLANG_WARN_BOOL_CONVERSION = YES;
				CLANG_WARN_COMMA = YES;
				CLANG_WARN_CONSTANT_CONVERSION = YES;
				CLANG_WARN_DEPRECATED_OBJC_IMPLEMENTATIONS = YES;
				CLANG_WARN_DIRECT_OBJC_ISA_USAGE = YES_ERROR;
				CLANG_WARN_DOCUMENTATION_COMMENTS = YES;
				CLANG_WARN_EMPTY_BODY = YES;
				CLANG_WARN_ENUM_CONVERSION = YES;
				CLANG_WARN_INFINITE_RECURSION = YES;
				CLANG_WARN_INT_CONVERSION = YES;
				CLANG_WARN_NON_LITERAL_NULL_CONVERSION = YES;
				CLANG_WARN_OBJC_IMPLICIT_RETAIN_SELF = YES;
				CLANG_WARN_OBJC_LITERAL_CONVERSION = YES;
				CLANG_WARN_OBJC_ROOT_CLASS = YES_ERROR;
				CLANG_WARN_QUOTED_INCLUDE_IN_FRAMEWORK_HEADER = YES;
				CLANG_WARN_RANGE_LOOP_ANALYSIS = YES;
				CLANG_WARN_STRICT_PROTOTYPES = YES;
				CLANG_WARN_SUSPICIOUS_MOVE = YES;
				CLANG_WARN_UNGUARDED_AVAILABILITY = YES_AGGRESSIVE;
				CLANG_WARN_UNREACHABLE_CODE = YES;
				CLANG_WARN__DUPLICATE_METHOD_MATCH = YES;
				COPY_PHASE_STRIP = NO;
				DEBUG_INFORMATION_FORMAT = "dwarf-with-dsym";
				ENABLE_NS_ASSERTIONS = NO;
				ENABLE_STRICT_OBJC_MSGSEND = YES;
				GCC_C_LANGUAGE_STANDARD = gnu11;
				GCC_NO_COMMON_BLOCKS = YES;
				GCC_WARN_64_TO_32_BIT_CONVERSION = YES;
				GCC_WARN_ABOUT_RETURN_TYPE = YES_ERROR;
				GCC_WARN_UNDECLARED_SELECTOR = YES;
				GCC_WARN_UNINITIALIZED_AUTOS = YES_AGGRESSIVE;
				GCC_WARN_UNUSED_FUNCTION = YES;
				GCC_WARN_UNUSED_VARIABLE = YES;
				IPHONEOS_DEPLOYMENT_TARGET = 14.4;
				MTL_ENABLE_DEBUG_INFO = NO;
				MTL_FAST_MATH = YES;
				SDKROOT = iphoneos;
				SWIFT_COMPILATION_MODE = wholemodule;
				SWIFT_OPTIMIZATION_LEVEL = "-O";
				VALIDATE_PRODUCT = YES;
			};
			name = Release;
		};
		31FEC552266399800051F204 /* Debug */ = {
			isa = XCBuildConfiguration;
			baseConfigurationReference = 06CC7F7B674CCB8B56AF66E0 /* Pods-FlickrPhotos.debug.xcconfig */;
			buildSettings = {
				ASSETCATALOG_COMPILER_APPICON_NAME = AppIcon;
				ASSETCATALOG_COMPILER_GLOBAL_ACCENT_COLOR_NAME = AccentColor;
				CODE_SIGN_STYLE = Automatic;
				DEVELOPMENT_TEAM = 735VZ4VN4Q;
				INFOPLIST_FILE = FlickrPhotos/Info.plist;
				LD_RUNPATH_SEARCH_PATHS = (
					"$(inherited)",
					"@executable_path/Frameworks",
				);
				PRODUCT_BUNDLE_IDENTIFIER = com.ahmedAbuelmagd.FlickrPhotos;
				PRODUCT_NAME = "$(TARGET_NAME)";
				SWIFT_VERSION = 5.0;
				TARGETED_DEVICE_FAMILY = "1,2";
			};
			name = Debug;
		};
		31FEC553266399800051F204 /* Release */ = {
			isa = XCBuildConfiguration;
			baseConfigurationReference = BA92489D88FF9CCEFEA5F81D /* Pods-FlickrPhotos.release.xcconfig */;
			buildSettings = {
				ASSETCATALOG_COMPILER_APPICON_NAME = AppIcon;
				ASSETCATALOG_COMPILER_GLOBAL_ACCENT_COLOR_NAME = AccentColor;
				CODE_SIGN_STYLE = Automatic;
				DEVELOPMENT_TEAM = 735VZ4VN4Q;
				INFOPLIST_FILE = FlickrPhotos/Info.plist;
				LD_RUNPATH_SEARCH_PATHS = (
					"$(inherited)",
					"@executable_path/Frameworks",
				);
				PRODUCT_BUNDLE_IDENTIFIER = com.ahmedAbuelmagd.FlickrPhotos;
				PRODUCT_NAME = "$(TARGET_NAME)";
				SWIFT_VERSION = 5.0;
				TARGETED_DEVICE_FAMILY = "1,2";
			};
			name = Release;
		};
		31FEC555266399800051F204 /* Debug */ = {
			isa = XCBuildConfiguration;
			baseConfigurationReference = 3D778D525CAF48E18BBED9EC /* Pods-FlickrPhotosTests.debug.xcconfig */;
			buildSettings = {
				ALWAYS_EMBED_SWIFT_STANDARD_LIBRARIES = YES;
				BUNDLE_LOADER = "$(TEST_HOST)";
				CODE_SIGN_STYLE = Automatic;
				DEVELOPMENT_TEAM = 735VZ4VN4Q;
				INFOPLIST_FILE = FlickrPhotosTests/Info.plist;
				IPHONEOS_DEPLOYMENT_TARGET = 14.4;
				LD_RUNPATH_SEARCH_PATHS = (
					"$(inherited)",
					"@executable_path/Frameworks",
					"@loader_path/Frameworks",
				);
				PRODUCT_BUNDLE_IDENTIFIER = com.ahmedAbuelmagd.FlickrPhotosTests;
				PRODUCT_NAME = "$(TARGET_NAME)";
				SWIFT_VERSION = 5.0;
				TARGETED_DEVICE_FAMILY = "1,2";
				TEST_HOST = "$(BUILT_PRODUCTS_DIR)/FlickrPhotos.app/FlickrPhotos";
			};
			name = Debug;
		};
		31FEC556266399800051F204 /* Release */ = {
			isa = XCBuildConfiguration;
			baseConfigurationReference = BAAA9B1AFE8A2EF18AB7C053 /* Pods-FlickrPhotosTests.release.xcconfig */;
			buildSettings = {
				ALWAYS_EMBED_SWIFT_STANDARD_LIBRARIES = YES;
				BUNDLE_LOADER = "$(TEST_HOST)";
				CODE_SIGN_STYLE = Automatic;
				DEVELOPMENT_TEAM = 735VZ4VN4Q;
				INFOPLIST_FILE = FlickrPhotosTests/Info.plist;
				IPHONEOS_DEPLOYMENT_TARGET = 14.4;
				LD_RUNPATH_SEARCH_PATHS = (
					"$(inherited)",
					"@executable_path/Frameworks",
					"@loader_path/Frameworks",
				);
				PRODUCT_BUNDLE_IDENTIFIER = com.ahmedAbuelmagd.FlickrPhotosTests;
				PRODUCT_NAME = "$(TARGET_NAME)";
				SWIFT_VERSION = 5.0;
				TARGETED_DEVICE_FAMILY = "1,2";
				TEST_HOST = "$(BUILT_PRODUCTS_DIR)/FlickrPhotos.app/FlickrPhotos";
			};
			name = Release;
		};
		31FEC558266399800051F204 /* Debug */ = {
			isa = XCBuildConfiguration;
			baseConfigurationReference = 30062EA50E89F9352B5C4F8A /* Pods-FlickrPhotos-FlickrPhotosUITests.debug.xcconfig */;
			buildSettings = {
				ALWAYS_EMBED_SWIFT_STANDARD_LIBRARIES = YES;
				CODE_SIGN_STYLE = Automatic;
				DEVELOPMENT_TEAM = 735VZ4VN4Q;
				INFOPLIST_FILE = FlickrPhotosUITests/Info.plist;
				LD_RUNPATH_SEARCH_PATHS = (
					"$(inherited)",
					"@executable_path/Frameworks",
					"@loader_path/Frameworks",
				);
				PRODUCT_BUNDLE_IDENTIFIER = com.ahmedAbuelmagd.FlickrPhotosUITests;
				PRODUCT_NAME = "$(TARGET_NAME)";
				SWIFT_VERSION = 5.0;
				TARGETED_DEVICE_FAMILY = "1,2";
				TEST_TARGET_NAME = FlickrPhotos;
			};
			name = Debug;
		};
		31FEC559266399800051F204 /* Release */ = {
			isa = XCBuildConfiguration;
			baseConfigurationReference = 957C031CA76296D9D0D14756 /* Pods-FlickrPhotos-FlickrPhotosUITests.release.xcconfig */;
			buildSettings = {
				ALWAYS_EMBED_SWIFT_STANDARD_LIBRARIES = YES;
				CODE_SIGN_STYLE = Automatic;
				DEVELOPMENT_TEAM = 735VZ4VN4Q;
				INFOPLIST_FILE = FlickrPhotosUITests/Info.plist;
				LD_RUNPATH_SEARCH_PATHS = (
					"$(inherited)",
					"@executable_path/Frameworks",
					"@loader_path/Frameworks",
				);
				PRODUCT_BUNDLE_IDENTIFIER = com.ahmedAbuelmagd.FlickrPhotosUITests;
				PRODUCT_NAME = "$(TARGET_NAME)";
				SWIFT_VERSION = 5.0;
				TARGETED_DEVICE_FAMILY = "1,2";
				TEST_TARGET_NAME = FlickrPhotos;
			};
			name = Release;
		};
/* End XCBuildConfiguration section */

/* Begin XCConfigurationList section */
		31FEC51F2663997B0051F204 /* Build configuration list for PBXProject "FlickrPhotos" */ = {
			isa = XCConfigurationList;
			buildConfigurations = (
				31FEC54F266399800051F204 /* Debug */,
				31FEC550266399800051F204 /* Release */,
			);
			defaultConfigurationIsVisible = 0;
			defaultConfigurationName = Release;
		};
		31FEC551266399800051F204 /* Build configuration list for PBXNativeTarget "FlickrPhotos" */ = {
			isa = XCConfigurationList;
			buildConfigurations = (
				31FEC552266399800051F204 /* Debug */,
				31FEC553266399800051F204 /* Release */,
			);
			defaultConfigurationIsVisible = 0;
			defaultConfigurationName = Release;
		};
		31FEC554266399800051F204 /* Build configuration list for PBXNativeTarget "FlickrPhotosTests" */ = {
			isa = XCConfigurationList;
			buildConfigurations = (
				31FEC555266399800051F204 /* Debug */,
				31FEC556266399800051F204 /* Release */,
			);
			defaultConfigurationIsVisible = 0;
			defaultConfigurationName = Release;
		};
		31FEC557266399800051F204 /* Build configuration list for PBXNativeTarget "FlickrPhotosUITests" */ = {
			isa = XCConfigurationList;
			buildConfigurations = (
				31FEC558266399800051F204 /* Debug */,
				31FEC559266399800051F204 /* Release */,
			);
			defaultConfigurationIsVisible = 0;
			defaultConfigurationName = Release;
		};
/* End XCConfigurationList section */

/* Begin XCVersionGroup section */
		31FEC5302663997B0051F204 /* FlickrPhotos.xcdatamodeld */ = {
			isa = XCVersionGroup;
			children = (
				31FEC5312663997B0051F204 /* FlickrPhotos.xcdatamodel */,
			);
			currentVersion = 31FEC5312663997B0051F204 /* FlickrPhotos.xcdatamodel */;
			path = FlickrPhotos.xcdatamodeld;
			sourceTree = "<group>";
			versionGroupType = wrapper.xcdatamodel;
		};
/* End XCVersionGroup section */
	};
	rootObject = 31FEC51C2663997B0051F204 /* Project object */;
}
